<?xml version="1.0" encoding="utf-8"?>
<Project ToolsVersion="4.0" xmlns="http://schemas.microsoft.com/developer/msbuild/2003">
  <ItemGroup>
    <Filter Include="Source Files">
      <UniqueIdentifier>{760d8853-107e-42b4-94ed-1b2a86992f3a}</UniqueIdentifier>
    </Filter>
    <Filter Include="Header Files">
      <UniqueIdentifier>{7b79c762-44b6-4053-8fe5-985f7763a52a}</UniqueIdentifier>
    </Filter>
    <Filter Include="Resource Files">
      <UniqueIdentifier>{2364b49f-e783-4758-af92-28c86eadf117}</UniqueIdentifier>
    </Filter>
  </ItemGroup>
  <ItemGroup>
    <ClCompile Include="..\Glk.c">
      <Filter>Source Files</Filter>
    </ClCompile>
    <ClCompile Include="WinGlkStart.c">
      <Filter>Source Files</Filter>
    </ClCompile>
  </ItemGroup>
  <ItemGroup>
    <ResourceCompile Include="WinGlkStart.rc">
      <Filter>Source Files</Filter>
    </ResourceCompile>
  </ItemGroup>
  <ItemGroup>
    <ClInclude Include="Resource.h">
      <Filter>Header Files</Filter>
    </ClInclude>
    <ClInclude Include="..\Include\WinGlk.h">
      <Filter>Header Files</Filter>
    </ClInclude>
    <ClInclude Include="..\Include\glk.h">
      <Filter>Header Files</Filter>
    </ClInclude>
  </ItemGroup>
  <ItemGroup>
    <Image Include="Example.ico">
      <Filter>Resource Files</Filter>
    </Image>
  </ItemGroup>
</Project>